
Microsoft Visual Studio Solution File, Format Version 12.00
# Visual Studio 15
VisualStudioVersion = 15.0.26730.12
MinimumVisualStudioVersion = 10.0.40219.1
Project("{9A19103F-16F7-4668-BE54-9A1E7A4F7556}") = "MyMapper", "MyMapper\MyMapper.csproj", "{56F3CC84-8A78-4F18-A2F7-F75A3221EDDA}"
EndProject
Project("{9A19103F-16F7-4668-BE54-9A1E7A4F7556}") = "MyMapper.UnitTests", "MyMapper.UnitTests\MyMapper.UnitTests.csproj", "{D810DEBA-F093-49C2-AF1B-B23B00712DA7}"
EndProject
Project("{2150E333-8FDC-42A3-9474-1A3956D46DE8}") = "Solution Items", "Solution Items", "{A93037EC-7A4B-48AA-8B2D-21C0FF87F29B}"
	ProjectSection(SolutionItems) = preProject
		.gitignore = .gitignore
		LICENSE = LICENSE
		README.md = README.md
	EndProjectSection
EndProject
Project("{2150E333-8FDC-42A3-9474-1A3956D46DE8}") = "src", "src", "{53036571-FDE9-4E4F-B52B-1D8C3C7F189B}"
EndProject
Project("{2150E333-8FDC-42A3-9474-1A3956D46DE8}") = "tests", "tests", "{3204B5BB-1023-4B0C-998E-FC47BCAD78DC}"
EndProject
Global
	GlobalSection(SolutionConfigurationPlatforms) = preSolution
		Debug|Any CPU = Debug|Any CPU
		Release|Any CPU = Release|Any CPU
	EndGlobalSection
	GlobalSection(ProjectConfigurationPlatforms) = postSolution
		{56F3CC84-8A78-4F18-A2F7-F75A3221EDDA}.Debug|Any CPU.ActiveCfg = Debug|Any CPU
		{56F3CC84-8A78-4F18-A2F7-F75A3221EDDA}.Debug|Any CPU.Build.0 = Debug|Any CPU
		{56F3CC84-8A78-4F18-A2F7-F75A3221EDDA}.Release|Any CPU.ActiveCfg = Release|Any CPU
		{56F3CC84-8A78-4F18-A2F7-F75A3221EDDA}.Release|Any CPU.Build.0 = Release|Any CPU
		{D810DEBA-F093-49C2-AF1B-B23B00712DA7}.Debug|Any CPU.ActiveCfg = Debug|Any CPU
		{D810DEBA-F093-49C2-AF1B-B23B00712DA7}.Debug|Any CPU.Build.0 = Debug|Any CPU
		{D810DEBA-F093-49C2-AF1B-B23B00712DA7}.Release|Any CPU.ActiveCfg = Release|Any CPU
		{D810DEBA-F093-49C2-AF1B-B23B00712DA7}.Release|Any CPU.Build.0 = Release|Any CPU
	EndGlobalSection
	GlobalSection(SolutionProperties) = preSolution
		HideSolutionNode = FALSE
	EndGlobalSection
	GlobalSection(NestedProjects) = preSolution
		{56F3CC84-8A78-4F18-A2F7-F75A3221EDDA} = {53036571-FDE9-4E4F-B52B-1D8C3C7F189B}
		{D810DEBA-F093-49C2-AF1B-B23B00712DA7} = {3204B5BB-1023-4B0C-998E-FC47BCAD78DC}
	EndGlobalSection
	GlobalSection(ExtensibilityGlobals) = postSolution
		SolutionGuid = {38F8F68D-1D2D-4F49-89E6-8305A51F5672}
	EndGlobalSection
EndGlobal
